
Microsoft Visual Studio Solution File, Format Version 12.00
# Visual Studio Version 16
VisualStudioVersion = 16.0.32002.261
MinimumVisualStudioVersion = 10.0.40219.1
Project("{FAE04EC0-301F-11D3-BF4B-00C04F79EFBC}") = "Herança", "Herança\Herança.csproj", "{076B91EA-4E38-4A5B-A527-6D61D3B16A23}"
EndProject
Global
	GlobalSection(SolutionConfigurationPlatforms) = preSolution
		Debug|Any CPU = Debug|Any CPU
		Release|Any CPU = Release|Any CPU
	EndGlobalSection
	GlobalSection(ProjectConfigurationPlatforms) = postSolution
		{076B91EA-4E38-4A5B-A527-6D61D3B16A23}.Debug|Any CPU.ActiveCfg = Debug|Any CPU
		{076B91EA-4E38-4A5B-A527-6D61D3B16A23}.Debug|Any CPU.Build.0 = Debug|Any CPU
		{076B91EA-4E38-4A5B-A527-6D61D3B16A23}.Release|Any CPU.ActiveCfg = Release|Any CPU
		{076B91EA-4E38-4A5B-A527-6D61D3B16A23}.Release|Any CPU.Build.0 = Release|Any CPU
	EndGlobalSection
	GlobalSection(SolutionProperties) = preSolution
		HideSolutionNode = FALSE
	EndGlobalSection
	GlobalSection(ExtensibilityGlobals) = postSolution
		SolutionGuid = {A0834BEF-8E58-4374-BC13-A9C4186113E2}
	EndGlobalSection
EndGlobal
